// !$*UTF8*$!
{
	archiveVersion = 1;
	classes = {
	};
	objectVersion = 51;
	objects = {

/* Begin PBXBuildFile section */
		4523345D245A297100B1EC56 /* NotificationCenter.framework in Frameworks */ = {isa = PBXBuildFile; fileRef = 4523345C245A297100B1EC56 /* NotificationCenter.framework */; };
		45233460245A297100B1EC56 /* TodayViewController.swift in Sources */ = {isa = PBXBuildFile; fileRef = 4523345F245A297100B1EC56 /* TodayViewController.swift */; };
		45233463245A297100B1EC56 /* MainInterface.storyboard in Resources */ = {isa = PBXBuildFile; fileRef = 45233461245A297100B1EC56 /* MainInterface.storyboard */; };
		45233467245A297100B1EC56 /* Calendar.appex in Embed App Extensions */ = {isa = PBXBuildFile; fileRef = 4523345B245A297100B1EC56 /* Calendar.appex */; settings = {ATTRIBUTES = (RemoveHeadersOnCopy, ); }; };
		4523347B245A319E00B1EC56 /* InfoPlist.strings in Resources */ = {isa = PBXBuildFile; fileRef = 4523347D245A319E00B1EC56 /* InfoPlist.strings */; };
		4589F76823A5B07A00889C16 /* AppDelegate.swift in Sources */ = {isa = PBXBuildFile; fileRef = 4589F76723A5B07A00889C16 /* AppDelegate.swift */; };
		4589F76A23A5B07A00889C16 /* SceneDelegate.swift in Sources */ = {isa = PBXBuildFile; fileRef = 4589F76923A5B07A00889C16 /* SceneDelegate.swift */; };
		4589F76C23A5B07A00889C16 /* CalendarController.swift in Sources */ = {isa = PBXBuildFile; fileRef = 4589F76B23A5B07A00889C16 /* CalendarController.swift */; };
		4589F76F23A5B07A00889C16 /* Main.storyboard in Resources */ = {isa = PBXBuildFile; fileRef = 4589F76D23A5B07A00889C16 /* Main.storyboard */; };
		4589F77123A5B07E00889C16 /* Assets.xcassets in Resources */ = {isa = PBXBuildFile; fileRef = 4589F77023A5B07E00889C16 /* Assets.xcassets */; };
		4589F77423A5B07E00889C16 /* LaunchScreen.storyboard in Resources */ = {isa = PBXBuildFile; fileRef = 4589F77223A5B07E00889C16 /* LaunchScreen.storyboard */; };
		834F3E9E1D974E808B65AA39 /* Pods_WorkCalendar.framework in Frameworks */ = {isa = PBXBuildFile; fileRef = 1462A6DAF65D0AAB8DF4F775 /* Pods_WorkCalendar.framework */; };
		898723B14AA2538A503EFDE1 /* Pods_Calendar.framework in Frameworks */ = {isa = PBXBuildFile; fileRef = 20308816DE1976BD086B12DA /* Pods_Calendar.framework */; };
/* End PBXBuildFile section */

/* Begin PBXContainerItemProxy section */
		45233465245A297100B1EC56 /* PBXContainerItemProxy */ = {
			isa = PBXContainerItemProxy;
			containerPortal = 4589F75C23A5B07A00889C16 /* Project object */;
			proxyType = 1;
			remoteGlobalIDString = 4523345A245A297100B1EC56;
			remoteInfo = Calendar;
		};
/* End PBXContainerItemProxy section */

/* Begin PBXCopyFilesBuildPhase section */
		45233468245A297100B1EC56 /* Embed App Extensions */ = {
			isa = PBXCopyFilesBuildPhase;
			buildActionMask = 2147483647;
			dstPath = "";
			dstSubfolderSpec = 13;
			files = (
				45233467245A297100B1EC56 /* Calendar.appex in Embed App Extensions */,
			);
			name = "Embed App Extensions";
			runOnlyForDeploymentPostprocessing = 0;
		};
/* End PBXCopyFilesBuildPhase section */

/* Begin PBXFileReference section */
		0E2B612FC98D5381FB9FB637 /* Pods-WorkCalendar.release.xcconfig */ = {isa = PBXFileReference; includeInIndex = 1; lastKnownFileType = text.xcconfig; name = "Pods-WorkCalendar.release.xcconfig"; path = "Target Support Files/Pods-WorkCalendar/Pods-WorkCalendar.release.xcconfig"; sourceTree = "<group>"; };
		1462A6DAF65D0AAB8DF4F775 /* Pods_WorkCalendar.framework */ = {isa = PBXFileReference; explicitFileType = wrapper.framework; includeInIndex = 0; path = Pods_WorkCalendar.framework; sourceTree = BUILT_PRODUCTS_DIR; };
		20308816DE1976BD086B12DA /* Pods_Calendar.framework */ = {isa = PBXFileReference; explicitFileType = wrapper.framework; includeInIndex = 0; path = Pods_Calendar.framework; sourceTree = BUILT_PRODUCTS_DIR; };
		22C981CEE57E57A0ED9C8259 /* Pods-Calendar.debug.xcconfig */ = {isa = PBXFileReference; includeInIndex = 1; lastKnownFileType = text.xcconfig; name = "Pods-Calendar.debug.xcconfig"; path = "Target Support Files/Pods-Calendar/Pods-Calendar.debug.xcconfig"; sourceTree = "<group>"; };
		2A1D36EEE21CE2614C10AF8E /* Pods-Calendar.release.xcconfig */ = {isa = PBXFileReference; includeInIndex = 1; lastKnownFileType = text.xcconfig; name = "Pods-Calendar.release.xcconfig"; path = "Target Support Files/Pods-Calendar/Pods-Calendar.release.xcconfig"; sourceTree = "<group>"; };
		4523345B245A297100B1EC56 /* Calendar.appex */ = {isa = PBXFileReference; explicitFileType = "wrapper.app-extension"; includeInIndex = 0; path = Calendar.appex; sourceTree = BUILT_PRODUCTS_DIR; };
		4523345C245A297100B1EC56 /* NotificationCenter.framework */ = {isa = PBXFileReference; lastKnownFileType = wrapper.framework; name = NotificationCenter.framework; path = System/Library/Frameworks/NotificationCenter.framework; sourceTree = SDKROOT; };
		4523345F245A297100B1EC56 /* TodayViewController.swift */ = {isa = PBXFileReference; lastKnownFileType = sourcecode.swift; path = TodayViewController.swift; sourceTree = "<group>"; };
		45233462245A297100B1EC56 /* Base */ = {isa = PBXFileReference; lastKnownFileType = file.storyboard; name = Base; path = Base.lproj/MainInterface.storyboard; sourceTree = "<group>"; };
		45233464245A297100B1EC56 /* Info.plist */ = {isa = PBXFileReference; lastKnownFileType = text.plist.xml; path = Info.plist; sourceTree = "<group>"; };
		4523347C245A319E00B1EC56 /* ru */ = {isa = PBXFileReference; lastKnownFileType = text.plist.strings; name = ru; path = ru.lproj/InfoPlist.strings; sourceTree = "<group>"; };
		4523347E245A31AD00B1EC56 /* en */ = {isa = PBXFileReference; lastKnownFileType = text.plist.strings; name = en; path = en.lproj/InfoPlist.strings; sourceTree = "<group>"; };
		4586531B245DC0C40052A912 /* WorkCalendar.entitlements */ = {isa = PBXFileReference; lastKnownFileType = text.plist.entitlements; path = WorkCalendar.entitlements; sourceTree = "<group>"; };
		4586531C245DC1670052A912 /* Calendar.entitlements */ = {isa = PBXFileReference; lastKnownFileType = text.plist.entitlements; path = Calendar.entitlements; sourceTree = "<group>"; };
		4589F76423A5B07A00889C16 /* WorkCalendar.app */ = {isa = PBXFileReference; explicitFileType = wrapper.application; includeInIndex = 0; path = WorkCalendar.app; sourceTree = BUILT_PRODUCTS_DIR; };
		4589F76723A5B07A00889C16 /* AppDelegate.swift */ = {isa = PBXFileReference; lastKnownFileType = sourcecode.swift; path = AppDelegate.swift; sourceTree = "<group>"; };
		4589F76923A5B07A00889C16 /* SceneDelegate.swift */ = {isa = PBXFileReference; lastKnownFileType = sourcecode.swift; path = SceneDelegate.swift; sourceTree = "<group>"; };
		4589F76B23A5B07A00889C16 /* CalendarController.swift */ = {isa = PBXFileReference; lastKnownFileType = sourcecode.swift; path = CalendarController.swift; sourceTree = "<group>"; };
		4589F76E23A5B07A00889C16 /* Base */ = {isa = PBXFileReference; lastKnownFileType = file.storyboard; name = Base; path = Base.lproj/Main.storyboard; sourceTree = "<group>"; };
		4589F77023A5B07E00889C16 /* Assets.xcassets */ = {isa = PBXFileReference; lastKnownFileType = folder.assetcatalog; path = Assets.xcassets; sourceTree = "<group>"; };
		4589F77323A5B07E00889C16 /* Base */ = {isa = PBXFileReference; lastKnownFileType = file.storyboard; name = Base; path = Base.lproj/LaunchScreen.storyboard; sourceTree = "<group>"; };
		4589F77523A5B07E00889C16 /* Info.plist */ = {isa = PBXFileReference; lastKnownFileType = text.plist.xml; path = Info.plist; sourceTree = "<group>"; };
		EF2C20B9CF4D57510997BD0C /* Pods-WorkCalendar.debug.xcconfig */ = {isa = PBXFileReference; includeInIndex = 1; lastKnownFileType = text.xcconfig; name = "Pods-WorkCalendar.debug.xcconfig"; path = "Target Support Files/Pods-WorkCalendar/Pods-WorkCalendar.debug.xcconfig"; sourceTree = "<group>"; };
/* End PBXFileReference section */

/* Begin PBXFrameworksBuildPhase section */
		45233458245A297100B1EC56 /* Frameworks */ = {
			isa = PBXFrameworksBuildPhase;
			buildActionMask = 2147483647;
			files = (
				4523345D245A297100B1EC56 /* NotificationCenter.framework in Frameworks */,
				898723B14AA2538A503EFDE1 /* Pods_Calendar.framework in Frameworks */,
			);
			runOnlyForDeploymentPostprocessing = 0;
		};
		4589F76123A5B07A00889C16 /* Frameworks */ = {
			isa = PBXFrameworksBuildPhase;
			buildActionMask = 2147483647;
			files = (
				834F3E9E1D974E808B65AA39 /* Pods_WorkCalendar.framework in Frameworks */,
			);
			runOnlyForDeploymentPostprocessing = 0;
		};
/* End PBXFrameworksBuildPhase section */

/* Begin PBXGroup section */
		4523345E245A297100B1EC56 /* Calendar */ = {
			isa = PBXGroup;
			children = (
				4586531C245DC1670052A912 /* Calendar.entitlements */,
				4523345F245A297100B1EC56 /* TodayViewController.swift */,
				45233461245A297100B1EC56 /* MainInterface.storyboard */,
				45233464245A297100B1EC56 /* Info.plist */,
				4523347D245A319E00B1EC56 /* InfoPlist.strings */,
			);
			path = Calendar;
			sourceTree = "<group>";
		};
		4589F75B23A5B07A00889C16 = {
			isa = PBXGroup;
			children = (
				4589F76623A5B07A00889C16 /* WorkCalendar */,
				4523345E245A297100B1EC56 /* Calendar */,
				4589F76523A5B07A00889C16 /* Products */,
				4B7CBE7D13149EE0F3B999A2 /* Pods */,
				EBDF1808EC95C69718EE6313 /* Frameworks */,
			);
			sourceTree = "<group>";
		};
		4589F76523A5B07A00889C16 /* Products */ = {
			isa = PBXGroup;
			children = (
				4589F76423A5B07A00889C16 /* WorkCalendar.app */,
				4523345B245A297100B1EC56 /* Calendar.appex */,
			);
			name = Products;
			sourceTree = "<group>";
		};
		4589F76623A5B07A00889C16 /* WorkCalendar */ = {
			isa = PBXGroup;
			children = (
				4586531B245DC0C40052A912 /* WorkCalendar.entitlements */,
				4589F76723A5B07A00889C16 /* AppDelegate.swift */,
				4589F76923A5B07A00889C16 /* SceneDelegate.swift */,
				4589F76B23A5B07A00889C16 /* CalendarController.swift */,
				4589F76D23A5B07A00889C16 /* Main.storyboard */,
				4589F77023A5B07E00889C16 /* Assets.xcassets */,
				4589F77223A5B07E00889C16 /* LaunchScreen.storyboard */,
				4589F77523A5B07E00889C16 /* Info.plist */,
			);
			path = WorkCalendar;
			sourceTree = "<group>";
		};
		4B7CBE7D13149EE0F3B999A2 /* Pods */ = {
			isa = PBXGroup;
			children = (
				EF2C20B9CF4D57510997BD0C /* Pods-WorkCalendar.debug.xcconfig */,
				0E2B612FC98D5381FB9FB637 /* Pods-WorkCalendar.release.xcconfig */,
				22C981CEE57E57A0ED9C8259 /* Pods-Calendar.debug.xcconfig */,
				2A1D36EEE21CE2614C10AF8E /* Pods-Calendar.release.xcconfig */,
			);
			path = Pods;
			sourceTree = "<group>";
		};
		EBDF1808EC95C69718EE6313 /* Frameworks */ = {
			isa = PBXGroup;
			children = (
				1462A6DAF65D0AAB8DF4F775 /* Pods_WorkCalendar.framework */,
				4523345C245A297100B1EC56 /* NotificationCenter.framework */,
				20308816DE1976BD086B12DA /* Pods_Calendar.framework */,
			);
			name = Frameworks;
			sourceTree = "<group>";
		};
/* End PBXGroup section */

/* Begin PBXNativeTarget section */
		4523345A245A297100B1EC56 /* Calendar */ = {
			isa = PBXNativeTarget;
			buildConfigurationList = 4523346B245A297100B1EC56 /* Build configuration list for PBXNativeTarget "Calendar" */;
			buildPhases = (
				DDBC93A167BDBC00B8084F31 /* [CP] Check Pods Manifest.lock */,
				45233457245A297100B1EC56 /* Sources */,
				45233458245A297100B1EC56 /* Frameworks */,
				45233459245A297100B1EC56 /* Resources */,
			);
			buildRules = (
			);
			dependencies = (
			);
			name = Calendar;
			productName = Calendar;
			productReference = 4523345B245A297100B1EC56 /* Calendar.appex */;
			productType = "com.apple.product-type.app-extension";
		};
		4589F76323A5B07A00889C16 /* WorkCalendar */ = {
			isa = PBXNativeTarget;
			buildConfigurationList = 4589F77823A5B07E00889C16 /* Build configuration list for PBXNativeTarget "WorkCalendar" */;
			buildPhases = (
				026F56A392290B7A11C7926D /* [CP] Check Pods Manifest.lock */,
				4589F76023A5B07A00889C16 /* Sources */,
				4589F76123A5B07A00889C16 /* Frameworks */,
				4589F76223A5B07A00889C16 /* Resources */,
				D6FDC18B6899ED07F51237C6 /* [CP] Embed Pods Frameworks */,
				45233468245A297100B1EC56 /* Embed App Extensions */,
			);
			buildRules = (
			);
			dependencies = (
				45233466245A297100B1EC56 /* PBXTargetDependency */,
			);
			name = WorkCalendar;
			productName = WorkCalendar;
			productReference = 4589F76423A5B07A00889C16 /* WorkCalendar.app */;
			productType = "com.apple.product-type.application";
		};
/* End PBXNativeTarget section */

/* Begin PBXProject section */
		4589F75C23A5B07A00889C16 /* Project object */ = {
			isa = PBXProject;
			attributes = {
				LastSwiftUpdateCheck = 1140;
				LastUpgradeCheck = 1130;
				ORGANIZATIONNAME = "Михаил Маслов";
				TargetAttributes = {
					4523345A245A297100B1EC56 = {
						CreatedOnToolsVersion = 11.4.1;
					};
					4589F76323A5B07A00889C16 = {
						CreatedOnToolsVersion = 11.3;
					};
				};
			};
			buildConfigurationList = 4589F75F23A5B07A00889C16 /* Build configuration list for PBXProject "WorkCalendar" */;
			compatibilityVersion = "Xcode 9.3";
			developmentRegion = en;
			hasScannedForEncodings = 0;
			knownRegions = (
				en,
				Base,
				ru,
			);
			mainGroup = 4589F75B23A5B07A00889C16;
			productRefGroup = 4589F76523A5B07A00889C16 /* Products */;
			projectDirPath = "";
			projectRoot = "";
			targets = (
				4589F76323A5B07A00889C16 /* WorkCalendar */,
				4523345A245A297100B1EC56 /* Calendar */,
			);
		};
/* End PBXProject section */

/* Begin PBXResourcesBuildPhase section */
		45233459245A297100B1EC56 /* Resources */ = {
			isa = PBXResourcesBuildPhase;
			buildActionMask = 2147483647;
			files = (
				45233463245A297100B1EC56 /* MainInterface.storyboard in Resources */,
				4523347B245A319E00B1EC56 /* InfoPlist.strings in Resources */,
			);
			runOnlyForDeploymentPostprocessing = 0;
		};
		4589F76223A5B07A00889C16 /* Resources */ = {
			isa = PBXResourcesBuildPhase;
			buildActionMask = 2147483647;
			files = (
				4589F77423A5B07E00889C16 /* LaunchScreen.storyboard in Resources */,
				4589F77123A5B07E00889C16 /* Assets.xcassets in Resources */,
				4589F76F23A5B07A00889C16 /* Main.storyboard in Resources */,
			);
			runOnlyForDeploymentPostprocessing = 0;
		};
/* End PBXResourcesBuildPhase section */

/* Begin PBXShellScriptBuildPhase section */
		026F56A392290B7A11C7926D /* [CP] Check Pods Manifest.lock */ = {
			isa = PBXShellScriptBuildPhase;
			buildActionMask = 2147483647;
			files = (
			);
			inputFileListPaths = (
			);
			inputPaths = (
				"${PODS_PODFILE_DIR_PATH}/Podfile.lock",
				"${PODS_ROOT}/Manifest.lock",
			);
			name = "[CP] Check Pods Manifest.lock";
			outputFileListPaths = (
			);
			outputPaths = (
				"$(DERIVED_FILE_DIR)/Pods-WorkCalendar-checkManifestLockResult.txt",
			);
			runOnlyForDeploymentPostprocessing = 0;
			shellPath = /bin/sh;
			shellScript = "diff \"${PODS_PODFILE_DIR_PATH}/Podfile.lock\" \"${PODS_ROOT}/Manifest.lock\" > /dev/null\nif [ $? != 0 ] ; then\n    # print error to STDERR\n    echo \"error: The sandbox is not in sync with the Podfile.lock. Run 'pod install' or update your CocoaPods installation.\" >&2\n    exit 1\nfi\n# This output is used by Xcode 'outputs' to avoid re-running this script phase.\necho \"SUCCESS\" > \"${SCRIPT_OUTPUT_FILE_0}\"\n";
			showEnvVarsInLog = 0;
		};
		D6FDC18B6899ED07F51237C6 /* [CP] Embed Pods Frameworks */ = {
			isa = PBXShellScriptBuildPhase;
			buildActionMask = 2147483647;
			files = (
			);
			inputFileListPaths = (
				"${PODS_ROOT}/Target Support Files/Pods-WorkCalendar/Pods-WorkCalendar-frameworks-${CONFIGURATION}-input-files.xcfilelist",
			);
			name = "[CP] Embed Pods Frameworks";
			outputFileListPaths = (
				"${PODS_ROOT}/Target Support Files/Pods-WorkCalendar/Pods-WorkCalendar-frameworks-${CONFIGURATION}-output-files.xcfilelist",
			);
			runOnlyForDeploymentPostprocessing = 0;
			shellPath = /bin/sh;
			shellScript = "\"${PODS_ROOT}/Target Support Files/Pods-WorkCalendar/Pods-WorkCalendar-frameworks.sh\"\n";
			showEnvVarsInLog = 0;
		};
		DDBC93A167BDBC00B8084F31 /* [CP] Check Pods Manifest.lock */ = {
			isa = PBXShellScriptBuildPhase;
			buildActionMask = 2147483647;
			files = (
			);
			inputFileListPaths = (
			);
			inputPaths = (
				"${PODS_PODFILE_DIR_PATH}/Podfile.lock",
				"${PODS_ROOT}/Manifest.lock",
			);
			name = "[CP] Check Pods Manifest.lock";
			outputFileListPaths = (
			);
			outputPaths = (
				"$(DERIVED_FILE_DIR)/Pods-Calendar-checkManifestLockResult.txt",
			);
			runOnlyForDeploymentPostprocessing = 0;
			shellPath = /bin/sh;
			shellScript = "diff \"${PODS_PODFILE_DIR_PATH}/Podfile.lock\" \"${PODS_ROOT}/Manifest.lock\" > /dev/null\nif [ $? != 0 ] ; then\n    # print error to STDERR\n    echo \"error: The sandbox is not in sync with the Podfile.lock. Run 'pod install' or update your CocoaPods installation.\" >&2\n    exit 1\nfi\n# This output is used by Xcode 'outputs' to avoid re-running this script phase.\necho \"SUCCESS\" > \"${SCRIPT_OUTPUT_FILE_0}\"\n";
			showEnvVarsInLog = 0;
		};
/* End PBXShellScriptBuildPhase section */

/* Begin PBXSourcesBuildPhase section */
		45233457245A297100B1EC56 /* Sources */ = {
			isa = PBXSourcesBuildPhase;
			buildActionMask = 2147483647;
			files = (
				45233460245A297100B1EC56 /* TodayViewController.swift in Sources */,
			);
			runOnlyForDeploymentPostprocessing = 0;
		};
		4589F76023A5B07A00889C16 /* Sources */ = {
			isa = PBXSourcesBuildPhase;
			buildActionMask = 2147483647;
			files = (
				4589F76C23A5B07A00889C16 /* CalendarController.swift in Sources */,
				4589F76823A5B07A00889C16 /* AppDelegate.swift in Sources */,
				4589F76A23A5B07A00889C16 /* SceneDelegate.swift in Sources */,
			);
			runOnlyForDeploymentPostprocessing = 0;
		};
/* End PBXSourcesBuildPhase section */

/* Begin PBXTargetDependency section */
		45233466245A297100B1EC56 /* PBXTargetDependency */ = {
			isa = PBXTargetDependency;
			target = 4523345A245A297100B1EC56 /* Calendar */;
			targetProxy = 45233465245A297100B1EC56 /* PBXContainerItemProxy */;
		};
/* End PBXTargetDependency section */

/* Begin PBXVariantGroup section */
		45233461245A297100B1EC56 /* MainInterface.storyboard */ = {
			isa = PBXVariantGroup;
			children = (
				45233462245A297100B1EC56 /* Base */,
			);
			name = MainInterface.storyboard;
			sourceTree = "<group>";
		};
		4523347D245A319E00B1EC56 /* InfoPlist.strings */ = {
			isa = PBXVariantGroup;
			children = (
				4523347C245A319E00B1EC56 /* ru */,
				4523347E245A31AD00B1EC56 /* en */,
			);
			name = InfoPlist.strings;
			sourceTree = "<group>";
		};
		4589F76D23A5B07A00889C16 /* Main.storyboard */ = {
			isa = PBXVariantGroup;
			children = (
				4589F76E23A5B07A00889C16 /* Base */,
			);
			name = Main.storyboard;
			sourceTree = "<group>";
		};
		4589F77223A5B07E00889C16 /* LaunchScreen.storyboard */ = {
			isa = PBXVariantGroup;
			children = (
				4589F77323A5B07E00889C16 /* Base */,
			);
			name = LaunchScreen.storyboard;
			sourceTree = "<group>";
		};
/* End PBXVariantGroup section */

/* Begin XCBuildConfiguration section */
		45233469245A297100B1EC56 /* Debug */ = {
			isa = XCBuildConfiguration;
			baseConfigurationReference = 22C981CEE57E57A0ED9C8259 /* Pods-Calendar.debug.xcconfig */;
			buildSettings = {
				CODE_SIGN_ENTITLEMENTS = Calendar/Calendar.entitlements;
				CODE_SIGN_STYLE = Automatic;
				DEVELOPMENT_TEAM = 4T6G57HTX8;
				INFOPLIST_FILE = Calendar/Info.plist;
				IPHONEOS_DEPLOYMENT_TARGET = 13.4;
				LD_RUNPATH_SEARCH_PATHS = (
					"$(inherited)",
					"@executable_path/Frameworks",
					"@executable_path/../../Frameworks",
				);
				PRODUCT_BUNDLE_IDENTIFIER = edu.WorkCalendar.Calendar;
				PRODUCT_NAME = "$(TARGET_NAME)";
				SKIP_INSTALL = YES;
				SWIFT_VERSION = 5.0;
				TARGETED_DEVICE_FAMILY = 1;
			};
			name = Debug;
		};
		4523346A245A297100B1EC56 /* Release */ = {
			isa = XCBuildConfiguration;
			baseConfigurationReference = 2A1D36EEE21CE2614C10AF8E /* Pods-Calendar.release.xcconfig */;
			buildSettings = {
				CODE_SIGN_ENTITLEMENTS = Calendar/Calendar.entitlements;
				CODE_SIGN_STYLE = Automatic;
				INFOPLIST_FILE = Calendar/Info.plist;
				IPHONEOS_DEPLOYMENT_TARGET = 13.4;
				LD_RUNPATH_SEARCH_PATHS = (
					"$(inherited)",
					"@executable_path/Frameworks",
					"@executable_path/../../Frameworks",
				);
				PRODUCT_BUNDLE_IDENTIFIER = edu.WorkCalendar.Calendar;
				PRODUCT_NAME = "$(TARGET_NAME)";
				SKIP_INSTALL = YES;
				SWIFT_VERSION = 5.0;
				TARGETED_DEVICE_FAMILY = 1;
			};
			name = Release;
		};
		4589F77623A5B07E00889C16 /* Debug */ = {
			isa = XCBuildConfiguration;
			buildSettings = {
				ALWAYS_SEARCH_USER_PATHS = NO;
				CLANG_ANALYZER_LOCALIZABILITY_NONLOCALIZED = YES;
				CLANG_ANALYZER_NONNULL = YES;
				CLANG_ANALYZER_NUMBER_OBJECT_CONVERSION = YES_AGGRESSIVE;
				CLANG_CXX_LANGUAGE_STANDARD = "gnu++14";
				CLANG_CXX_LIBRARY = "libc++";
				CLANG_ENABLE_MODULES = YES;
				CLANG_ENABLE_OBJC_ARC = YES;
				CLANG_ENABLE_OBJC_WEAK = YES;
				CLANG_WARN_BLOCK_CAPTURE_AUTORELEASING = YES;
				CLANG_WARN_BOOL_CONVERSION = YES;
				CLANG_WARN_COMMA = YES;
				CLANG_WARN_CONSTANT_CONVERSION = YES;
				CLANG_WARN_DEPRECATED_OBJC_IMPLEMENTATIONS = YES;
				CLANG_WARN_DIRECT_OBJC_ISA_USAGE = YES_ERROR;
				CLANG_WARN_DOCUMENTATION_COMMENTS = YES;
				CLANG_WARN_EMPTY_BODY = YES;
				CLANG_WARN_ENUM_CONVERSION = YES;
				CLANG_WARN_INFINITE_RECURSION = YES;
				CLANG_WARN_INT_CONVERSION = YES;
				CLANG_WARN_NON_LITERAL_NULL_CONVERSION = YES;
				CLANG_WARN_OBJC_IMPLICIT_RETAIN_SELF = YES;
				CLANG_WARN_OBJC_LITERAL_CONVERSION = YES;
				CLANG_WARN_OBJC_ROOT_CLASS = YES_ERROR;
				CLANG_WARN_RANGE_LOOP_ANALYSIS = YES;
				CLANG_WARN_STRICT_PROTOTYPES = YES;
				CLANG_WARN_SUSPICIOUS_MOVE = YES;
				CLANG_WARN_UNGUARDED_AVAILABILITY = YES_AGGRESSIVE;
				CLANG_WARN_UNREACHABLE_CODE = YES;
				CLANG_WARN__DUPLICATE_METHOD_MATCH = YES;
				COPY_PHASE_STRIP = NO;
				DEBUG_INFORMATION_FORMAT = dwarf;
				ENABLE_STRICT_OBJC_MSGSEND = YES;
				ENABLE_TESTABILITY = YES;
				GCC_C_LANGUAGE_STANDARD = gnu11;
				GCC_DYNAMIC_NO_PIC = NO;
				GCC_NO_COMMON_BLOCKS = YES;
				GCC_OPTIMIZATION_LEVEL = 0;
				GCC_PREPROCESSOR_DEFINITIONS = (
					"DEBUG=1",
					"$(inherited)",
				);
				GCC_WARN_64_TO_32_BIT_CONVERSION = YES;
				GCC_WARN_ABOUT_RETURN_TYPE = YES_ERROR;
				GCC_WARN_UNDECLARED_SELECTOR = YES;
				GCC_WARN_UNINITIALIZED_AUTOS = YES_AGGRESSIVE;
				GCC_WARN_UNUSED_FUNCTION = YES;
				GCC_WARN_UNUSED_VARIABLE = YES;
				IPHONEOS_DEPLOYMENT_TARGET = 13.2;
				MTL_ENABLE_DEBUG_INFO = INCLUDE_SOURCE;
				MTL_FAST_MATH = YES;
				ONLY_ACTIVE_ARCH = YES;
				SDKROOT = iphoneos;
				SWIFT_ACTIVE_COMPILATION_CONDITIONS = DEBUG;
				SWIFT_OPTIMIZATION_LEVEL = "-Onone";
			};
			name = Debug;
		};
		4589F77723A5B07E00889C16 /* Release */ = {
			isa = XCBuildConfiguration;
			buildSettings = {
				ALWAYS_SEARCH_USER_PATHS = NO;
				CLANG_ANALYZER_LOCALIZABILITY_NONLOCALIZED = YES;
				CLANG_ANALYZER_NONNULL = YES;
				CLANG_ANALYZER_NUMBER_OBJECT_CONVERSION = YES_AGGRESSIVE;
				CLANG_CXX_LANGUAGE_STANDARD = "gnu++14";
				CLANG_CXX_LIBRARY = "libc++";
				CLANG_ENABLE_MODULES = YES;
				CLANG_ENABLE_OBJC_ARC = YES;
				CLANG_ENABLE_OBJC_WEAK = YES;
				CLANG_WARN_BLOCK_CAPTURE_AUTORELEASING = YES;
				CLANG_WARN_BOOL_CONVERSION = YES;
				CLANG_WARN_COMMA = YES;
				CLANG_WARN_CONSTANT_CONVERSION = YES;
				CLANG_WARN_DEPRECATED_OBJC_IMPLEMENTATIONS = YES;
				CLANG_WARN_DIRECT_OBJC_ISA_USAGE = YES_ERROR;
				CLANG_WARN_DOCUMENTATION_COMMENTS = YES;
				CLANG_WARN_EMPTY_BODY = YES;
				CLANG_WARN_ENUM_CONVERSION = YES;
				CLANG_WARN_INFINITE_RECURSION = YES;
				CLANG_WARN_INT_CONVERSION = YES;
				CLANG_WARN_NON_LITERAL_NULL_CONVERSION = YES;
				CLANG_WARN_OBJC_IMPLICIT_RETAIN_SELF = YES;
				CLANG_WARN_OBJC_LITERAL_CONVERSION = YES;
				CLANG_WARN_OBJC_ROOT_CLASS = YES_ERROR;
				CLANG_WARN_RANGE_LOOP_ANALYSIS = YES;
				CLANG_WARN_STRICT_PROTOTYPES = YES;
				CLANG_WARN_SUSPICIOUS_MOVE = YES;
				CLANG_WARN_UNGUARDED_AVAILABILITY = YES_AGGRESSIVE;
				CLANG_WARN_UNREACHABLE_CODE = YES;
				CLANG_WARN__DUPLICATE_METHOD_MATCH = YES;
				COPY_PHASE_STRIP = NO;
				DEBUG_INFORMATION_FORMAT = "dwarf-with-dsym";
				ENABLE_NS_ASSERTIONS = NO;
				ENABLE_STRICT_OBJC_MSGSEND = YES;
				GCC_C_LANGUAGE_STANDARD = gnu11;
				GCC_NO_COMMON_BLOCKS = YES;
				GCC_WARN_64_TO_32_BIT_CONVERSION = YES;
				GCC_WARN_ABOUT_RETURN_TYPE = YES_ERROR;
				GCC_WARN_UNDECLARED_SELECTOR = YES;
				GCC_WARN_UNINITIALIZED_AUTOS = YES_AGGRESSIVE;
				GCC_WARN_UNUSED_FUNCTION = YES;
				GCC_WARN_UNUSED_VARIABLE = YES;
				IPHONEOS_DEPLOYMENT_TARGET = 13.2;
				MTL_ENABLE_DEBUG_INFO = NO;
				MTL_FAST_MATH = YES;
				SDKROOT = iphoneos;
				SWIFT_COMPILATION_MODE = wholemodule;
				SWIFT_OPTIMIZATION_LEVEL = "-O";
				VALIDATE_PRODUCT = YES;
			};
			name = Release;
		};
		4589F77923A5B07E00889C16 /* Debug */ = {
			isa = XCBuildConfiguration;
			baseConfigurationReference = EF2C20B9CF4D57510997BD0C /* Pods-WorkCalendar.debug.xcconfig */;
			buildSettings = {
				ALWAYS_EMBED_SWIFT_STANDARD_LIBRARIES = YES;
				ASSETCATALOG_COMPILER_APPICON_NAME = AppIcon;
				CODE_SIGN_ENTITLEMENTS = WorkCalendar/WorkCalendar.entitlements;
				CODE_SIGN_STYLE = Automatic;
				DEVELOPMENT_TEAM = 4T6G57HTX8;
				INFOPLIST_FILE = WorkCalendar/Info.plist;
				LD_RUNPATH_SEARCH_PATHS = (
					"$(inherited)",
					"@executable_path/Frameworks",
				);
				PRODUCT_BUNDLE_IDENTIFIER = edu.WorkCalendar;
				PRODUCT_NAME = "$(TARGET_NAME)";
				SWIFT_VERSION = 5.0;
				TARGETED_DEVICE_FAMILY = 1;
			};
			name = Debug;
		};
		4589F77A23A5B07E00889C16 /* Release */ = {
			isa = XCBuildConfiguration;
			baseConfigurationReference = 0E2B612FC98D5381FB9FB637 /* Pods-WorkCalendar.release.xcconfig */;
			buildSettings = {
				ALWAYS_EMBED_SWIFT_STANDARD_LIBRARIES = YES;
				ASSETCATALOG_COMPILER_APPICON_NAME = AppIcon;
				CODE_SIGN_ENTITLEMENTS = WorkCalendar/WorkCalendar.entitlements;
				CODE_SIGN_STYLE = Automatic;
				INFOPLIST_FILE = WorkCalendar/Info.plist;
				LD_RUNPATH_SEARCH_PATHS = (
					"$(inherited)",
					"@executable_path/Frameworks",
				);
				PRODUCT_BUNDLE_IDENTIFIER = edu.WorkCalendar;
				PRODUCT_NAME = "$(TARGET_NAME)";
				SWIFT_VERSION = 5.0;
				TARGETED_DEVICE_FAMILY = 1;
			};
			name = Release;
		};
/* End XCBuildConfiguration section */

/* Begin XCConfigurationList section */
		4523346B245A297100B1EC56 /* Build configuration list for PBXNativeTarget "Calendar" */ = {
			isa = XCConfigurationList;
			buildConfigurations = (
				45233469245A297100B1EC56 /* Debug */,
				4523346A245A297100B1EC56 /* Release */,
			);
			defaultConfigurationIsVisible = 0;
			defaultConfigurationName = Release;
		};
		4589F75F23A5B07A00889C16 /* Build configuration list for PBXProject "WorkCalendar" */ = {
			isa = XCConfigurationList;
			buildConfigurations = (
				4589F77623A5B07E00889C16 /* Debug */,
				4589F77723A5B07E00889C16 /* Release */,
			);
			defaultConfigurationIsVisible = 0;
			defaultConfigurationName = Release;
		};
		4589F77823A5B07E00889C16 /* Build configuration list for PBXNativeTarget "WorkCalendar" */ = {
			isa = XCConfigurationList;
			buildConfigurations = (
				4589F77923A5B07E00889C16 /* Debug */,
				4589F77A23A5B07E00889C16 /* Release */,
			);
			defaultConfigurationIsVisible = 0;
			defaultConfigurationName = Release;
		};
/* End XCConfigurationList section */
	};
	rootObject = 4589F75C23A5B07A00889C16 /* Project object */;
}
